
Microsoft Visual Studio Solution File, Format Version 12.00
# Visual Studio Version 16
VisualStudioVersion = 16.0.29613.14
MinimumVisualStudioVersion = 10.0.40219.1
Project("{2150E333-8FDC-42A3-9474-1A3956D46DE8}") = "SOC.GEN.CTR.Logging", "SOC.GEN.CTR.Logging", "{C569732C-DD5B-4D28-8537-DFFBD0910C5E}"
EndProject
Project("{2150E333-8FDC-42A3-9474-1A3956D46DE8}") = "SOC.GEN.CTR.Logging.Test", "SOC.GEN.CTR.Logging.Test", "{B7447432-8377-4909-9D03-322393BDA5C2}"
EndProject
Project("{9A19103F-16F7-4668-BE54-9A1E7A4F7556}") = "SOC.GEN.CTR.Logging.Logger.Contracts", "SOC.GEN.CTR.Logging.Logger.Contracts\SOC.GEN.CTR.Logging.Logger.Contracts.csproj", "{B3F6EAD2-CDD0-4809-8FA8-5B8F60D8EDAF}"
EndProject
Project("{2150E333-8FDC-42A3-9474-1A3956D46DE8}") = "Common", "Common", "{E50C8E62-D578-4FE2-8F7B-277C3C9C6ED6}"
EndProject
Project("{2150E333-8FDC-42A3-9474-1A3956D46DE8}") = "Logging", "Logging", "{9A74B35C-366A-4BE7-8A7F-64E9B443B97F}"
EndProject
Project("{9A19103F-16F7-4668-BE54-9A1E7A4F7556}") = "SOC.GEN.CTR.Logging.Logger.Base", "SOC.GEN.CTR.Logging.Logger.Base\SOC.GEN.CTR.Logging.Logger.Base.csproj", "{05894576-A32F-4F65-9C11-A8BCFC9DDD12}"
EndProject
Project("{2150E333-8FDC-42A3-9474-1A3956D46DE8}") = "Common", "Common", "{7C061023-A7D8-4876-9C6B-8D05302AB981}"
EndProject
Project("{9A19103F-16F7-4668-BE54-9A1E7A4F7556}") = "SOC.GEN.CTR.Common", "SOC.GEN.CTR.Common\SOC.GEN.CTR.Common.csproj", "{2BA71247-43D2-4A2B-A0CB-48D7329DE617}"
EndProject
Project("{9A19103F-16F7-4668-BE54-9A1E7A4F7556}") = "SOC.GEN.CTR.Logging.Logger.FlatFileLogger", "SOC.GEN.CTR.Logging.Logger.FlatFileLogger\SOC.GEN.CTR.Logging.Logger.FlatFileLogger.csproj", "{E93E0C52-5525-4344-AA3A-1B396228D313}"
EndProject
Project("{9A19103F-16F7-4668-BE54-9A1E7A4F7556}") = "SOC.GEN.CTR.Logging.UnitTests", "SOC.GEN.CTR.Logging.UnitTests\SOC.GEN.CTR.Logging.UnitTests.csproj", "{D3089CF1-2FB3-46AB-A75F-CAB3FD37B41A}"
EndProject
Project("{9A19103F-16F7-4668-BE54-9A1E7A4F7556}") = "SOC.GEN.CTR.Logging.Logger.SqlServerLogger", "SOC.GEN.CTR.Logging.Logger.SqlServerLogger\SOC.GEN.CTR.Logging.Logger.SqlServerLogger.csproj", "{310593D8-EE30-4DD7-95B5-BA0786ADE3C5}"
EndProject
Project("{2150E333-8FDC-42A3-9474-1A3956D46DE8}") = "Solution Items", "Solution Items", "{C1DACA95-09B6-4D44-9C89-4AE37073B13F}"
	ProjectSection(SolutionItems) = preProject
		C:\Users\dheer\OneDrive\Solution Logical Architecture  - Central Trade Repository.docx = C:\Users\dheer\OneDrive\Solution Logical Architecture  - Central Trade Repository.docx
	EndProjectSection
EndProject
Project("{2150E333-8FDC-42A3-9474-1A3956D46DE8}") = "Images", "Images", "{1FAF7CCE-1575-4C5B-9FF4-DD843D27BB73}"
	ProjectSection(SolutionItems) = preProject
		Images\SolutionFolderStructure.PNG = Images\SolutionFolderStructure.PNG
		Images\TestExplorer.png = Images\TestExplorer.png
		Images\TestResult.png = Images\TestResult.png
	EndProjectSection
EndProject
Project("{2150E333-8FDC-42A3-9474-1A3956D46DE8}") = "Microservices", "Microservices", "{3F44C2F4-5653-4CE2-97A8-8D1DE9C9C5E4}"
EndProject
Project("{9A19103F-16F7-4668-BE54-9A1E7A4F7556}") = "SOC.GEN.DealService", "SOC.GEN.DealService\SOC.GEN.DealService.csproj", "{C86E1F33-8B1C-44AB-BF9E-A09841007879}"
EndProject
Project("{2150E333-8FDC-42A3-9474-1A3956D46DE8}") = "DatabaseProject", "DatabaseProject", "{21448A72-5A32-48D5-A4D2-D3D7DD8B92C8}"
EndProject
Project("{00D1A9C2-B5F0-4AF3-8072-F6C62B433612}") = "SOC.GEN.DB", "SOC.GEN.DB\SOC.GEN.DB.sqlproj", "{32651446-448D-49B4-ACBC-1E5D86A15466}"
EndProject
Project("{2150E333-8FDC-42A3-9474-1A3956D46DE8}") = "SSIS", "SSIS", "{44E865B2-57D0-4AD5-BA14-79C0A4317C88}"
EndProject
Global
	GlobalSection(SolutionConfigurationPlatforms) = preSolution
		Debug|Any CPU = Debug|Any CPU
		Release|Any CPU = Release|Any CPU
	EndGlobalSection
	GlobalSection(ProjectConfigurationPlatforms) = postSolution
		{B3F6EAD2-CDD0-4809-8FA8-5B8F60D8EDAF}.Debug|Any CPU.ActiveCfg = Debug|Any CPU
		{B3F6EAD2-CDD0-4809-8FA8-5B8F60D8EDAF}.Debug|Any CPU.Build.0 = Debug|Any CPU
		{B3F6EAD2-CDD0-4809-8FA8-5B8F60D8EDAF}.Release|Any CPU.ActiveCfg = Release|Any CPU
		{B3F6EAD2-CDD0-4809-8FA8-5B8F60D8EDAF}.Release|Any CPU.Build.0 = Release|Any CPU
		{05894576-A32F-4F65-9C11-A8BCFC9DDD12}.Debug|Any CPU.ActiveCfg = Debug|Any CPU
		{05894576-A32F-4F65-9C11-A8BCFC9DDD12}.Debug|Any CPU.Build.0 = Debug|Any CPU
		{05894576-A32F-4F65-9C11-A8BCFC9DDD12}.Release|Any CPU.ActiveCfg = Release|Any CPU
		{05894576-A32F-4F65-9C11-A8BCFC9DDD12}.Release|Any CPU.Build.0 = Release|Any CPU
		{2BA71247-43D2-4A2B-A0CB-48D7329DE617}.Debug|Any CPU.ActiveCfg = Debug|Any CPU
		{2BA71247-43D2-4A2B-A0CB-48D7329DE617}.Debug|Any CPU.Build.0 = Debug|Any CPU
		{2BA71247-43D2-4A2B-A0CB-48D7329DE617}.Release|Any CPU.ActiveCfg = Release|Any CPU
		{2BA71247-43D2-4A2B-A0CB-48D7329DE617}.Release|Any CPU.Build.0 = Release|Any CPU
		{E93E0C52-5525-4344-AA3A-1B396228D313}.Debug|Any CPU.ActiveCfg = Debug|Any CPU
		{E93E0C52-5525-4344-AA3A-1B396228D313}.Debug|Any CPU.Build.0 = Debug|Any CPU
		{E93E0C52-5525-4344-AA3A-1B396228D313}.Release|Any CPU.ActiveCfg = Release|Any CPU
		{E93E0C52-5525-4344-AA3A-1B396228D313}.Release|Any CPU.Build.0 = Release|Any CPU
		{D3089CF1-2FB3-46AB-A75F-CAB3FD37B41A}.Debug|Any CPU.ActiveCfg = Debug|Any CPU
		{D3089CF1-2FB3-46AB-A75F-CAB3FD37B41A}.Debug|Any CPU.Build.0 = Debug|Any CPU
		{D3089CF1-2FB3-46AB-A75F-CAB3FD37B41A}.Release|Any CPU.ActiveCfg = Release|Any CPU
		{D3089CF1-2FB3-46AB-A75F-CAB3FD37B41A}.Release|Any CPU.Build.0 = Release|Any CPU
		{310593D8-EE30-4DD7-95B5-BA0786ADE3C5}.Debug|Any CPU.ActiveCfg = Debug|Any CPU
		{310593D8-EE30-4DD7-95B5-BA0786ADE3C5}.Debug|Any CPU.Build.0 = Debug|Any CPU
		{310593D8-EE30-4DD7-95B5-BA0786ADE3C5}.Release|Any CPU.ActiveCfg = Release|Any CPU
		{310593D8-EE30-4DD7-95B5-BA0786ADE3C5}.Release|Any CPU.Build.0 = Release|Any CPU
		{C86E1F33-8B1C-44AB-BF9E-A09841007879}.Debug|Any CPU.ActiveCfg = Debug|Any CPU
		{C86E1F33-8B1C-44AB-BF9E-A09841007879}.Debug|Any CPU.Build.0 = Debug|Any CPU
		{C86E1F33-8B1C-44AB-BF9E-A09841007879}.Release|Any CPU.ActiveCfg = Release|Any CPU
		{C86E1F33-8B1C-44AB-BF9E-A09841007879}.Release|Any CPU.Build.0 = Release|Any CPU
		{32651446-448D-49B4-ACBC-1E5D86A15466}.Debug|Any CPU.ActiveCfg = Debug|Any CPU
		{32651446-448D-49B4-ACBC-1E5D86A15466}.Debug|Any CPU.Build.0 = Debug|Any CPU
		{32651446-448D-49B4-ACBC-1E5D86A15466}.Debug|Any CPU.Deploy.0 = Debug|Any CPU
		{32651446-448D-49B4-ACBC-1E5D86A15466}.Release|Any CPU.ActiveCfg = Release|Any CPU
		{32651446-448D-49B4-ACBC-1E5D86A15466}.Release|Any CPU.Build.0 = Release|Any CPU
		{32651446-448D-49B4-ACBC-1E5D86A15466}.Release|Any CPU.Deploy.0 = Release|Any CPU
	EndGlobalSection
	GlobalSection(SolutionProperties) = preSolution
		HideSolutionNode = FALSE
	EndGlobalSection
	GlobalSection(NestedProjects) = preSolution
		{C569732C-DD5B-4D28-8537-DFFBD0910C5E} = {9A74B35C-366A-4BE7-8A7F-64E9B443B97F}
		{B7447432-8377-4909-9D03-322393BDA5C2} = {9A74B35C-366A-4BE7-8A7F-64E9B443B97F}
		{B3F6EAD2-CDD0-4809-8FA8-5B8F60D8EDAF} = {C569732C-DD5B-4D28-8537-DFFBD0910C5E}
		{9A74B35C-366A-4BE7-8A7F-64E9B443B97F} = {E50C8E62-D578-4FE2-8F7B-277C3C9C6ED6}
		{05894576-A32F-4F65-9C11-A8BCFC9DDD12} = {C569732C-DD5B-4D28-8537-DFFBD0910C5E}
		{7C061023-A7D8-4876-9C6B-8D05302AB981} = {E50C8E62-D578-4FE2-8F7B-277C3C9C6ED6}
		{2BA71247-43D2-4A2B-A0CB-48D7329DE617} = {7C061023-A7D8-4876-9C6B-8D05302AB981}
		{E93E0C52-5525-4344-AA3A-1B396228D313} = {C569732C-DD5B-4D28-8537-DFFBD0910C5E}
		{D3089CF1-2FB3-46AB-A75F-CAB3FD37B41A} = {B7447432-8377-4909-9D03-322393BDA5C2}
		{310593D8-EE30-4DD7-95B5-BA0786ADE3C5} = {C569732C-DD5B-4D28-8537-DFFBD0910C5E}
		{1FAF7CCE-1575-4C5B-9FF4-DD843D27BB73} = {C1DACA95-09B6-4D44-9C89-4AE37073B13F}
		{C86E1F33-8B1C-44AB-BF9E-A09841007879} = {3F44C2F4-5653-4CE2-97A8-8D1DE9C9C5E4}
		{32651446-448D-49B4-ACBC-1E5D86A15466} = {21448A72-5A32-48D5-A4D2-D3D7DD8B92C8}
	EndGlobalSection
	GlobalSection(ExtensibilityGlobals) = postSolution
		SolutionGuid = {B85406C6-649B-4679-9970-67DC586DFC1F}
	EndGlobalSection
EndGlobal
